
Microsoft Visual Studio Solution File, Format Version 12.00
# Visual Studio Version 16
VisualStudioVersion = 16.0.29806.167
MinimumVisualStudioVersion = 10.0.40219.1
Project("{8BC9CEB8-8B4A-11D0-8D11-00A0C91BC942}") = "Singleton", "Singleton\Singleton.vcxproj", "{3318801E-7305-4C39-A3F3-14AC7C80A785}"
EndProject
Project("{8BC9CEB8-8B4A-11D0-8D11-00A0C91BC942}") = "AbstractFactory", "AbstractFactory\AbstractFactory.vcxproj", "{7470862E-3BE1-4840-A1F9-30DE813DD34B}"
EndProject
Project("{8BC9CEB8-8B4A-11D0-8D11-00A0C91BC942}") = "Bridge", "Bridge\Bridge.vcxproj", "{90883A48-BA8E-4F2B-8756-FDFF43359021}"
EndProject
Project("{8BC9CEB8-8B4A-11D0-8D11-00A0C91BC942}") = "Builder", "Builder\Builder.vcxproj", "{2A6D10FF-BA72-4944-9322-EA3931842F19}"
EndProject
Project("{8BC9CEB8-8B4A-11D0-8D11-00A0C91BC942}") = "Decorator", "Decorator\Decorator.vcxproj", "{BD461B90-1652-4E84-B3FA-1F5A1066E934}"
EndProject
Project("{8BC9CEB8-8B4A-11D0-8D11-00A0C91BC942}") = "FactoryMethod", "FactoryMethod\FactoryMethod.vcxproj", "{E68A0CEA-C131-401D-8415-8216412954C7}"
EndProject
Project("{8BC9CEB8-8B4A-11D0-8D11-00A0C91BC942}") = "Observer", "Observer\Observer.vcxproj", "{AA9FF9E8-062C-41E0-AFFB-15D7D0D9BE02}"
EndProject
Project("{8BC9CEB8-8B4A-11D0-8D11-00A0C91BC942}") = "Prototype", "Prototype\Prototype.vcxproj", "{5A8ED689-B83C-4FB9-A9E4-87ED82AF6E6D}"
EndProject
Project("{8BC9CEB8-8B4A-11D0-8D11-00A0C91BC942}") = "Flyweight", "Flyweight\Flyweight.vcxproj", "{E0ED364B-2C28-4323-B615-C2F29FB15129}"
EndProject
Project("{8BC9CEB8-8B4A-11D0-8D11-00A0C91BC942}") = "Facade", "Facade\Facade.vcxproj", "{EF132754-2EA2-4C65-9F9C-67A362AB72F0}"
EndProject
Project("{8BC9CEB8-8B4A-11D0-8D11-00A0C91BC942}") = "Proxy", "Proxy\Proxy.vcxproj", "{EE800E7A-67DC-4F0B-A7EE-25B5C1D40452}"
EndProject
Project("{8BC9CEB8-8B4A-11D0-8D11-00A0C91BC942}") = "Adapter", "Adapter\Adapter.vcxproj", "{8C224153-51BF-4ABB-96B7-CFCB77B4FFF1}"
EndProject
Project("{8BC9CEB8-8B4A-11D0-8D11-00A0C91BC942}") = "Mediator", "Mediator\Mediator.vcxproj", "{C01DC45E-6D6C-47C8-8811-E6FD7E8A0A05}"
EndProject
Project("{8BC9CEB8-8B4A-11D0-8D11-00A0C91BC942}") = "State", "State\State.vcxproj", "{33A4EF66-2861-4C0A-A169-4852A7103EA5}"
EndProject
Project("{8BC9CEB8-8B4A-11D0-8D11-00A0C91BC942}") = "Memento", "Memento\Memento.vcxproj", "{5CB663A5-3FA0-4D67-BDEE-9768413878A1}"
EndProject
Project("{8BC9CEB8-8B4A-11D0-8D11-00A0C91BC942}") = "Composite", "Composite\Composite.vcxproj", "{DCAE5416-425D-4908-8F9D-C00D72DCEB9E}"
EndProject
Project("{8BC9CEB8-8B4A-11D0-8D11-00A0C91BC942}") = "Iterator", "Iterator\Iterator.vcxproj", "{52BDFCE4-5C1D-4DA5-91BA-4C1D6308E97E}"
EndProject
Project("{8BC9CEB8-8B4A-11D0-8D11-00A0C91BC942}") = "Chain of Responsibility", "Chain of Responsibility\Chain of Responsibility.vcxproj", "{B236B4D5-0DF5-4D12-A454-75E6603AAEB4}"
EndProject
Project("{8BC9CEB8-8B4A-11D0-8D11-00A0C91BC942}") = "Command", "Command\Command.vcxproj", "{9016B75A-9E09-4827-9C7A-C7CCC14DBDBD}"
EndProject
Project("{8BC9CEB8-8B4A-11D0-8D11-00A0C91BC942}") = "Visitor", "Visitor\Visitor.vcxproj", "{EFCB5891-2574-4D86-94F5-10BF4D6040F1}"
EndProject
Project("{8BC9CEB8-8B4A-11D0-8D11-00A0C91BC942}") = "Interpreter", "Interpreter\Interpreter.vcxproj", "{1C66A9F8-A6DC-439F-BFB2-84C823F0F188}"
EndProject
Project("{8BC9CEB8-8B4A-11D0-8D11-00A0C91BC942}") = "Template", "Template\Template.vcxproj", "{BE2F4126-DB50-4092-9A87-F2E744FA8C11}"
EndProject
Project("{8BC9CEB8-8B4A-11D0-8D11-00A0C91BC942}") = "Strategy", "Strategy\Strategy.vcxproj", "{477B8F0B-5828-44C7-B124-B4866B393469}"
EndProject
Global
	GlobalSection(SolutionConfigurationPlatforms) = preSolution
		Debug|x64 = Debug|x64
		Debug|x86 = Debug|x86
		Release|x64 = Release|x64
		Release|x86 = Release|x86
	EndGlobalSection
	GlobalSection(ProjectConfigurationPlatforms) = postSolution
		{3318801E-7305-4C39-A3F3-14AC7C80A785}.Debug|x64.ActiveCfg = Debug|x64
		{3318801E-7305-4C39-A3F3-14AC7C80A785}.Debug|x64.Build.0 = Debug|x64
		{3318801E-7305-4C39-A3F3-14AC7C80A785}.Debug|x86.ActiveCfg = Debug|Win32
		{3318801E-7305-4C39-A3F3-14AC7C80A785}.Debug|x86.Build.0 = Debug|Win32
		{3318801E-7305-4C39-A3F3-14AC7C80A785}.Release|x64.ActiveCfg = Release|x64
		{3318801E-7305-4C39-A3F3-14AC7C80A785}.Release|x64.Build.0 = Release|x64
		{3318801E-7305-4C39-A3F3-14AC7C80A785}.Release|x86.ActiveCfg = Release|Win32
		{3318801E-7305-4C39-A3F3-14AC7C80A785}.Release|x86.Build.0 = Release|Win32
		{7470862E-3BE1-4840-A1F9-30DE813DD34B}.Debug|x64.ActiveCfg = Debug|x64
		{7470862E-3BE1-4840-A1F9-30DE813DD34B}.Debug|x64.Build.0 = Debug|x64
		{7470862E-3BE1-4840-A1F9-30DE813DD34B}.Debug|x86.ActiveCfg = Debug|Win32
		{7470862E-3BE1-4840-A1F9-30DE813DD34B}.Debug|x86.Build.0 = Debug|Win32
		{7470862E-3BE1-4840-A1F9-30DE813DD34B}.Release|x64.ActiveCfg = Release|x64
		{7470862E-3BE1-4840-A1F9-30DE813DD34B}.Release|x64.Build.0 = Release|x64
		{7470862E-3BE1-4840-A1F9-30DE813DD34B}.Release|x86.ActiveCfg = Release|Win32
		{7470862E-3BE1-4840-A1F9-30DE813DD34B}.Release|x86.Build.0 = Release|Win32
		{90883A48-BA8E-4F2B-8756-FDFF43359021}.Debug|x64.ActiveCfg = Debug|x64
		{90883A48-BA8E-4F2B-8756-FDFF43359021}.Debug|x64.Build.0 = Debug|x64
		{90883A48-BA8E-4F2B-8756-FDFF43359021}.Debug|x86.ActiveCfg = Debug|Win32
		{90883A48-BA8E-4F2B-8756-FDFF43359021}.Debug|x86.Build.0 = Debug|Win32
		{90883A48-BA8E-4F2B-8756-FDFF43359021}.Release|x64.ActiveCfg = Release|x64
		{90883A48-BA8E-4F2B-8756-FDFF43359021}.Release|x64.Build.0 = Release|x64
		{90883A48-BA8E-4F2B-8756-FDFF43359021}.Release|x86.ActiveCfg = Release|Win32
		{90883A48-BA8E-4F2B-8756-FDFF43359021}.Release|x86.Build.0 = Release|Win32
		{2A6D10FF-BA72-4944-9322-EA3931842F19}.Debug|x64.ActiveCfg = Debug|x64
		{2A6D10FF-BA72-4944-9322-EA3931842F19}.Debug|x64.Build.0 = Debug|x64
		{2A6D10FF-BA72-4944-9322-EA3931842F19}.Debug|x86.ActiveCfg = Debug|Win32
		{2A6D10FF-BA72-4944-9322-EA3931842F19}.Debug|x86.Build.0 = Debug|Win32
		{2A6D10FF-BA72-4944-9322-EA3931842F19}.Release|x64.ActiveCfg = Release|x64
		{2A6D10FF-BA72-4944-9322-EA3931842F19}.Release|x64.Build.0 = Release|x64
		{2A6D10FF-BA72-4944-9322-EA3931842F19}.Release|x86.ActiveCfg = Release|Win32
		{2A6D10FF-BA72-4944-9322-EA3931842F19}.Release|x86.Build.0 = Release|Win32
		{BD461B90-1652-4E84-B3FA-1F5A1066E934}.Debug|x64.ActiveCfg = Debug|x64
		{BD461B90-1652-4E84-B3FA-1F5A1066E934}.Debug|x64.Build.0 = Debug|x64
		{BD461B90-1652-4E84-B3FA-1F5A1066E934}.Debug|x86.ActiveCfg = Debug|Win32
		{BD461B90-1652-4E84-B3FA-1F5A1066E934}.Debug|x86.Build.0 = Debug|Win32
		{BD461B90-1652-4E84-B3FA-1F5A1066E934}.Release|x64.ActiveCfg = Release|x64
		{BD461B90-1652-4E84-B3FA-1F5A1066E934}.Release|x64.Build.0 = Release|x64
		{BD461B90-1652-4E84-B3FA-1F5A1066E934}.Release|x86.ActiveCfg = Release|Win32
		{BD461B90-1652-4E84-B3FA-1F5A1066E934}.Release|x86.Build.0 = Release|Win32
		{E68A0CEA-C131-401D-8415-8216412954C7}.Debug|x64.ActiveCfg = Debug|x64
		{E68A0CEA-C131-401D-8415-8216412954C7}.Debug|x64.Build.0 = Debug|x64
		{E68A0CEA-C131-401D-8415-8216412954C7}.Debug|x86.ActiveCfg = Debug|Win32
		{E68A0CEA-C131-401D-8415-8216412954C7}.Debug|x86.Build.0 = Debug|Win32
		{E68A0CEA-C131-401D-8415-8216412954C7}.Release|x64.ActiveCfg = Release|x64
		{E68A0CEA-C131-401D-8415-8216412954C7}.Release|x64.Build.0 = Release|x64
		{E68A0CEA-C131-401D-8415-8216412954C7}.Release|x86.ActiveCfg = Release|Win32
		{E68A0CEA-C131-401D-8415-8216412954C7}.Release|x86.Build.0 = Release|Win32
		{AA9FF9E8-062C-41E0-AFFB-15D7D0D9BE02}.Debug|x64.ActiveCfg = Debug|x64
		{AA9FF9E8-062C-41E0-AFFB-15D7D0D9BE02}.Debug|x64.Build.0 = Debug|x64
		{AA9FF9E8-062C-41E0-AFFB-15D7D0D9BE02}.Debug|x86.ActiveCfg = Debug|Win32
		{AA9FF9E8-062C-41E0-AFFB-15D7D0D9BE02}.Debug|x86.Build.0 = Debug|Win32
		{AA9FF9E8-062C-41E0-AFFB-15D7D0D9BE02}.Release|x64.ActiveCfg = Release|x64
		{AA9FF9E8-062C-41E0-AFFB-15D7D0D9BE02}.Release|x64.Build.0 = Release|x64
		{AA9FF9E8-062C-41E0-AFFB-15D7D0D9BE02}.Release|x86.ActiveCfg = Release|Win32
		{AA9FF9E8-062C-41E0-AFFB-15D7D0D9BE02}.Release|x86.Build.0 = Release|Win32
		{5A8ED689-B83C-4FB9-A9E4-87ED82AF6E6D}.Debug|x64.ActiveCfg = Debug|x64
		{5A8ED689-B83C-4FB9-A9E4-87ED82AF6E6D}.Debug|x64.Build.0 = Debug|x64
		{5A8ED689-B83C-4FB9-A9E4-87ED82AF6E6D}.Debug|x86.ActiveCfg = Debug|Win32
		{5A8ED689-B83C-4FB9-A9E4-87ED82AF6E6D}.Debug|x86.Build.0 = Debug|Win32
		{5A8ED689-B83C-4FB9-A9E4-87ED82AF6E6D}.Release|x64.ActiveCfg = Release|x64
		{5A8ED689-B83C-4FB9-A9E4-87ED82AF6E6D}.Release|x64.Build.0 = Release|x64
		{5A8ED689-B83C-4FB9-A9E4-87ED82AF6E6D}.Release|x86.ActiveCfg = Release|Win32
		{5A8ED689-B83C-4FB9-A9E4-87ED82AF6E6D}.Release|x86.Build.0 = Release|Win32
		{E0ED364B-2C28-4323-B615-C2F29FB15129}.Debug|x64.ActiveCfg = Debug|x64
		{E0ED364B-2C28-4323-B615-C2F29FB15129}.Debug|x64.Build.0 = Debug|x64
		{E0ED364B-2C28-4323-B615-C2F29FB15129}.Debug|x86.ActiveCfg = Debug|Win32
		{E0ED364B-2C28-4323-B615-C2F29FB15129}.Debug|x86.Build.0 = Debug|Win32
		{E0ED364B-2C28-4323-B615-C2F29FB15129}.Release|x64.ActiveCfg = Release|x64
		{E0ED364B-2C28-4323-B615-C2F29FB15129}.Release|x64.Build.0 = Release|x64
		{E0ED364B-2C28-4323-B615-C2F29FB15129}.Release|x86.ActiveCfg = Release|Win32
		{E0ED364B-2C28-4323-B615-C2F29FB15129}.Release|x86.Build.0 = Release|Win32
		{EF132754-2EA2-4C65-9F9C-67A362AB72F0}.Debug|x64.ActiveCfg = Debug|x64
		{EF132754-2EA2-4C65-9F9C-67A362AB72F0}.Debug|x64.Build.0 = Debug|x64
		{EF132754-2EA2-4C65-9F9C-67A362AB72F0}.Debug|x86.ActiveCfg = Debug|Win32
		{EF132754-2EA2-4C65-9F9C-67A362AB72F0}.Debug|x86.Build.0 = Debug|Win32
		{EF132754-2EA2-4C65-9F9C-67A362AB72F0}.Release|x64.ActiveCfg = Release|x64
		{EF132754-2EA2-4C65-9F9C-67A362AB72F0}.Release|x64.Build.0 = Release|x64
		{EF132754-2EA2-4C65-9F9C-67A362AB72F0}.Release|x86.ActiveCfg = Release|Win32
		{EF132754-2EA2-4C65-9F9C-67A362AB72F0}.Release|x86.Build.0 = Release|Win32
		{EE800E7A-67DC-4F0B-A7EE-25B5C1D40452}.Debug|x64.ActiveCfg = Debug|x64
		{EE800E7A-67DC-4F0B-A7EE-25B5C1D40452}.Debug|x64.Build.0 = Debug|x64
		{EE800E7A-67DC-4F0B-A7EE-25B5C1D40452}.Debug|x86.ActiveCfg = Debug|Win32
		{EE800E7A-67DC-4F0B-A7EE-25B5C1D40452}.Debug|x86.Build.0 = Debug|Win32
		{EE800E7A-67DC-4F0B-A7EE-25B5C1D40452}.Release|x64.ActiveCfg = Release|x64
		{EE800E7A-67DC-4F0B-A7EE-25B5C1D40452}.Release|x64.Build.0 = Release|x64
		{EE800E7A-67DC-4F0B-A7EE-25B5C1D40452}.Release|x86.ActiveCfg = Release|Win32
		{EE800E7A-67DC-4F0B-A7EE-25B5C1D40452}.Release|x86.Build.0 = Release|Win32
		{8C224153-51BF-4ABB-96B7-CFCB77B4FFF1}.Debug|x64.ActiveCfg = Debug|x64
		{8C224153-51BF-4ABB-96B7-CFCB77B4FFF1}.Debug|x64.Build.0 = Debug|x64
		{8C224153-51BF-4ABB-96B7-CFCB77B4FFF1}.Debug|x86.ActiveCfg = Debug|Win32
		{8C224153-51BF-4ABB-96B7-CFCB77B4FFF1}.Debug|x86.Build.0 = Debug|Win32
		{8C224153-51BF-4ABB-96B7-CFCB77B4FFF1}.Release|x64.ActiveCfg = Release|x64
		{8C224153-51BF-4ABB-96B7-CFCB77B4FFF1}.Release|x64.Build.0 = Release|x64
		{8C224153-51BF-4ABB-96B7-CFCB77B4FFF1}.Release|x86.ActiveCfg = Release|Win32
		{8C224153-51BF-4ABB-96B7-CFCB77B4FFF1}.Release|x86.Build.0 = Release|Win32
		{C01DC45E-6D6C-47C8-8811-E6FD7E8A0A05}.Debug|x64.ActiveCfg = Debug|x64
		{C01DC45E-6D6C-47C8-8811-E6FD7E8A0A05}.Debug|x64.Build.0 = Debug|x64
		{C01DC45E-6D6C-47C8-8811-E6FD7E8A0A05}.Debug|x86.ActiveCfg = Debug|Win32
		{C01DC45E-6D6C-47C8-8811-E6FD7E8A0A05}.Debug|x86.Build.0 = Debug|Win32
		{C01DC45E-6D6C-47C8-8811-E6FD7E8A0A05}.Release|x64.ActiveCfg = Release|x64
		{C01DC45E-6D6C-47C8-8811-E6FD7E8A0A05}.Release|x64.Build.0 = Release|x64
		{C01DC45E-6D6C-47C8-8811-E6FD7E8A0A05}.Release|x86.ActiveCfg = Release|Win32
		{C01DC45E-6D6C-47C8-8811-E6FD7E8A0A05}.Release|x86.Build.0 = Release|Win32
		{33A4EF66-2861-4C0A-A169-4852A7103EA5}.Debug|x64.ActiveCfg = Debug|x64
		{33A4EF66-2861-4C0A-A169-4852A7103EA5}.Debug|x64.Build.0 = Debug|x64
		{33A4EF66-2861-4C0A-A169-4852A7103EA5}.Debug|x86.ActiveCfg = Debug|Win32
		{33A4EF66-2861-4C0A-A169-4852A7103EA5}.Debug|x86.Build.0 = Debug|Win32
		{33A4EF66-2861-4C0A-A169-4852A7103EA5}.Release|x64.ActiveCfg = Release|x64
		{33A4EF66-2861-4C0A-A169-4852A7103EA5}.Release|x64.Build.0 = Release|x64
		{33A4EF66-2861-4C0A-A169-4852A7103EA5}.Release|x86.ActiveCfg = Release|Win32
		{33A4EF66-2861-4C0A-A169-4852A7103EA5}.Release|x86.Build.0 = Release|Win32
		{5CB663A5-3FA0-4D67-BDEE-9768413878A1}.Debug|x64.ActiveCfg = Debug|x64
		{5CB663A5-3FA0-4D67-BDEE-9768413878A1}.Debug|x64.Build.0 = Debug|x64
		{5CB663A5-3FA0-4D67-BDEE-9768413878A1}.Debug|x86.ActiveCfg = Debug|Win32
		{5CB663A5-3FA0-4D67-BDEE-9768413878A1}.Debug|x86.Build.0 = Debug|Win32
		{5CB663A5-3FA0-4D67-BDEE-9768413878A1}.Release|x64.ActiveCfg = Release|x64
		{5CB663A5-3FA0-4D67-BDEE-9768413878A1}.Release|x64.Build.0 = Release|x64
		{5CB663A5-3FA0-4D67-BDEE-9768413878A1}.Release|x86.ActiveCfg = Release|Win32
		{5CB663A5-3FA0-4D67-BDEE-9768413878A1}.Release|x86.Build.0 = Release|Win32
		{DCAE5416-425D-4908-8F9D-C00D72DCEB9E}.Debug|x64.ActiveCfg = Debug|x64
		{DCAE5416-425D-4908-8F9D-C00D72DCEB9E}.Debug|x64.Build.0 = Debug|x64
		{DCAE5416-425D-4908-8F9D-C00D72DCEB9E}.Debug|x86.ActiveCfg = Debug|Win32
		{DCAE5416-425D-4908-8F9D-C00D72DCEB9E}.Debug|x86.Build.0 = Debug|Win32
		{DCAE5416-425D-4908-8F9D-C00D72DCEB9E}.Release|x64.ActiveCfg = Release|x64
		{DCAE5416-425D-4908-8F9D-C00D72DCEB9E}.Release|x64.Build.0 = Release|x64
		{DCAE5416-425D-4908-8F9D-C00D72DCEB9E}.Release|x86.ActiveCfg = Release|Win32
		{DCAE5416-425D-4908-8F9D-C00D72DCEB9E}.Release|x86.Build.0 = Release|Win32
		{52BDFCE4-5C1D-4DA5-91BA-4C1D6308E97E}.Debug|x64.ActiveCfg = Debug|x64
		{52BDFCE4-5C1D-4DA5-91BA-4C1D6308E97E}.Debug|x64.Build.0 = Debug|x64
		{52BDFCE4-5C1D-4DA5-91BA-4C1D6308E97E}.Debug|x86.ActiveCfg = Debug|Win32
		{52BDFCE4-5C1D-4DA5-91BA-4C1D6308E97E}.Debug|x86.Build.0 = Debug|Win32
		{52BDFCE4-5C1D-4DA5-91BA-4C1D6308E97E}.Release|x64.ActiveCfg = Release|x64
		{52BDFCE4-5C1D-4DA5-91BA-4C1D6308E97E}.Release|x64.Build.0 = Release|x64
		{52BDFCE4-5C1D-4DA5-91BA-4C1D6308E97E}.Release|x86.ActiveCfg = Release|Win32
		{52BDFCE4-5C1D-4DA5-91BA-4C1D6308E97E}.Release|x86.Build.0 = Release|Win32
		{B236B4D5-0DF5-4D12-A454-75E6603AAEB4}.Debug|x64.ActiveCfg = Debug|x64
		{B236B4D5-0DF5-4D12-A454-75E6603AAEB4}.Debug|x64.Build.0 = Debug|x64
		{B236B4D5-0DF5-4D12-A454-75E6603AAEB4}.Debug|x86.ActiveCfg = Debug|Win32
		{B236B4D5-0DF5-4D12-A454-75E6603AAEB4}.Debug|x86.Build.0 = Debug|Win32
		{B236B4D5-0DF5-4D12-A454-75E6603AAEB4}.Release|x64.ActiveCfg = Release|x64
		{B236B4D5-0DF5-4D12-A454-75E6603AAEB4}.Release|x64.Build.0 = Release|x64
		{B236B4D5-0DF5-4D12-A454-75E6603AAEB4}.Release|x86.ActiveCfg = Release|Win32
		{B236B4D5-0DF5-4D12-A454-75E6603AAEB4}.Release|x86.Build.0 = Release|Win32
		{9016B75A-9E09-4827-9C7A-C7CCC14DBDBD}.Debug|x64.ActiveCfg = Debug|x64
		{9016B75A-9E09-4827-9C7A-C7CCC14DBDBD}.Debug|x64.Build.0 = Debug|x64
		{9016B75A-9E09-4827-9C7A-C7CCC14DBDBD}.Debug|x86.ActiveCfg = Debug|Win32
		{9016B75A-9E09-4827-9C7A-C7CCC14DBDBD}.Debug|x86.Build.0 = Debug|Win32
		{9016B75A-9E09-4827-9C7A-C7CCC14DBDBD}.Release|x64.ActiveCfg = Release|x64
		{9016B75A-9E09-4827-9C7A-C7CCC14DBDBD}.Release|x64.Build.0 = Release|x64
		{9016B75A-9E09-4827-9C7A-C7CCC14DBDBD}.Release|x86.ActiveCfg = Release|Win32
		{9016B75A-9E09-4827-9C7A-C7CCC14DBDBD}.Release|x86.Build.0 = Release|Win32
		{EFCB5891-2574-4D86-94F5-10BF4D6040F1}.Debug|x64.ActiveCfg = Debug|x64
		{EFCB5891-2574-4D86-94F5-10BF4D6040F1}.Debug|x64.Build.0 = Debug|x64
		{EFCB5891-2574-4D86-94F5-10BF4D6040F1}.Debug|x86.ActiveCfg = Debug|Win32
		{EFCB5891-2574-4D86-94F5-10BF4D6040F1}.Debug|x86.Build.0 = Debug|Win32
		{EFCB5891-2574-4D86-94F5-10BF4D6040F1}.Release|x64.ActiveCfg = Release|x64
		{EFCB5891-2574-4D86-94F5-10BF4D6040F1}.Release|x64.Build.0 = Release|x64
		{EFCB5891-2574-4D86-94F5-10BF4D6040F1}.Release|x86.ActiveCfg = Release|Win32
		{EFCB5891-2574-4D86-94F5-10BF4D6040F1}.Release|x86.Build.0 = Release|Win32
		{1C66A9F8-A6DC-439F-BFB2-84C823F0F188}.Debug|x64.ActiveCfg = Debug|x64
		{1C66A9F8-A6DC-439F-BFB2-84C823F0F188}.Debug|x64.Build.0 = Debug|x64
		{1C66A9F8-A6DC-439F-BFB2-84C823F0F188}.Debug|x86.ActiveCfg = Debug|Win32
		{1C66A9F8-A6DC-439F-BFB2-84C823F0F188}.Debug|x86.Build.0 = Debug|Win32
		{1C66A9F8-A6DC-439F-BFB2-84C823F0F188}.Release|x64.ActiveCfg = Release|x64
		{1C66A9F8-A6DC-439F-BFB2-84C823F0F188}.Release|x64.Build.0 = Release|x64
		{1C66A9F8-A6DC-439F-BFB2-84C823F0F188}.Release|x86.ActiveCfg = Release|Win32
		{1C66A9F8-A6DC-439F-BFB2-84C823F0F188}.Release|x86.Build.0 = Release|Win32
		{BE2F4126-DB50-4092-9A87-F2E744FA8C11}.Debug|x64.ActiveCfg = Debug|x64
		{BE2F4126-DB50-4092-9A87-F2E744FA8C11}.Debug|x64.Build.0 = Debug|x64
		{BE2F4126-DB50-4092-9A87-F2E744FA8C11}.Debug|x86.ActiveCfg = Debug|Win32
		{BE2F4126-DB50-4092-9A87-F2E744FA8C11}.Debug|x86.Build.0 = Debug|Win32
		{BE2F4126-DB50-4092-9A87-F2E744FA8C11}.Release|x64.ActiveCfg = Release|x64
		{BE2F4126-DB50-4092-9A87-F2E744FA8C11}.Release|x64.Build.0 = Release|x64
		{BE2F4126-DB50-4092-9A87-F2E744FA8C11}.Release|x86.ActiveCfg = Release|Win32
		{BE2F4126-DB50-4092-9A87-F2E744FA8C11}.Release|x86.Build.0 = Release|Win32
		{477B8F0B-5828-44C7-B124-B4866B393469}.Debug|x64.ActiveCfg = Debug|x64
		{477B8F0B-5828-44C7-B124-B4866B393469}.Debug|x64.Build.0 = Debug|x64
		{477B8F0B-5828-44C7-B124-B4866B393469}.Debug|x86.ActiveCfg = Debug|Win32
		{477B8F0B-5828-44C7-B124-B4866B393469}.Debug|x86.Build.0 = Debug|Win32
		{477B8F0B-5828-44C7-B124-B4866B393469}.Release|x64.ActiveCfg = Release|x64
		{477B8F0B-5828-44C7-B124-B4866B393469}.Release|x64.Build.0 = Release|x64
		{477B8F0B-5828-44C7-B124-B4866B393469}.Release|x86.ActiveCfg = Release|Win32
		{477B8F0B-5828-44C7-B124-B4866B393469}.Release|x86.Build.0 = Release|Win32
	EndGlobalSection
	GlobalSection(SolutionProperties) = preSolution
		HideSolutionNode = FALSE
	EndGlobalSection
	GlobalSection(ExtensibilityGlobals) = postSolution
		SolutionGuid = {2A5B5579-677D-46F3-A61D-503FD4D9B312}
	EndGlobalSection
EndGlobal
